{
  "name": "drupal-visual-debugger-extension",
  "version": "0.1.0",
  "lockfileVersion": 3,
  "requires": true,
  "packages": {
    "": {
      "name": "drupal-visual-debugger-extension",
      "version": "0.1.0",
      "dependencies": {
        "drupal-visual-debugger": "https://github.com/mabho/drupal-visual-debugger/releases/download/1.2.7/drupal-visual-debugger-1.2.7.tgz"
      }
    },
    "node_modules/drupal-visual-debugger": {
      "version": "1.2.7",
      "resolved": "https://github.com/mabho/drupal-visual-debugger/releases/download/1.2.7/drupal-visual-debugger-1.2.7.tgz",
      "integrity": "sha512-CzFjXul6YvVLhJa0k2GBzBIc/0vW/vghIZ1ctXpWYTZXfp51W1wA2sJmOS0hjNMbyvf5tASQlWzTqSnRvw4e0g==",
      "license": "GPL-2.0-or-later"
    }
  }
}
