{
  "name": "drupal-visual-debugger-extension",
  "version": "0.1.0",
  "lockfileVersion": 3,
  "requires": true,
  "packages": {
    "": {
      "name": "drupal-visual-debugger-extension",
      "version": "0.1.0",
      "dependencies": {
        "drupal-visual-debugger": "https://github.com/mabho/drupal-visual-debugger/releases/download/1.2.5/drupal-visual-debugger-1.2.5.tgz"
      }
    },
    "node_modules/drupal-visual-debugger": {
      "version": "1.2.5",
      "resolved": "https://github.com/mabho/drupal-visual-debugger/releases/download/1.2.5/drupal-visual-debugger-1.2.5.tgz",
      "integrity": "sha512-UT2Q0xI5zQebJm4VNlncAwAcVe3mGrunxouLDWQA8GuQWyzE5bK+eD/PovyPRWtces70XJiTP7zZHvJzSeumnQ==",
      "license": "GPL-2.0-or-later"
    }
  }
}
